{
    "_readme": [
        "This file locks the dependencies of your project to a known state",
        "Read more about it at https://getcomposer.org/doc/01-basic-usage.md#installing-dependencies",
        "This file is @generated automatically"
    ],
    "content-hash": "4f09b357615816bec2984b46bf832cbd",
    "packages": [
        {
            "name": "chillerlan/php-qrcode",
            "version": "dev-master",
            "source": {
                "type": "git",
                "url": "https://github.com/chillerlan/php-qrcode.git",
                "reference": "6122acdb7d982f882af3be3009ed3a0c88d048d5"
            },
            "dist": {
                "type": "zip",
                "url": "https://api.github.com/repos/chillerlan/php-qrcode/zipball/6122acdb7d982f882af3be3009ed3a0c88d048d5",
                "reference": "6122acdb7d982f882af3be3009ed3a0c88d048d5",
                "shasum": ""
            },
            "require": {
                "chillerlan/php-settings-container": "^1.2",
                "ext-gd": "*",
                "ext-json": "*",
                "ext-mbstring": "*",
                "php": "^7.4"
            },
            "require-dev": {
                "phan/phan": "^2.5",
                "phpunit/phpunit": "^9.0"
            },
            "suggest": {
                "chillerlan/php-authenticator": "Yet another Google authenticator! Also creates URIs for mobile apps."
            },
            "type": "library",
            "extra": {
                "branch-alias": {
                    "dev-v2.0.x-php5": "1.0.8-dev"
                }
            },
            "autoload": {
                "psr-4": {
                    "chillerlan\\QRCode\\": "src/"
                }
            },
            "notification-url": "https://packagist.org/downloads/",
            "license": [
                "MIT"
            ],
            "authors": [
                {
                    "name": "Kazuhiko Arase",
                    "homepage": "https://github.com/kazuhikoarase"
                },
                {
                    "name": "Smiley",
                    "email": "smiley@chillerlan.net",
                    "homepage": "https://github.com/codemasher"
                },
                {
                    "name": "Contributors",
                    "homepage": "https://github.com/chillerlan/php-qrcode/graphs/contributors"
                }
            ],
            "description": "A QR code generator. PHP 7.4+",
            "homepage": "https://github.com/chillerlan/php-qrcode",
            "keywords": [
                "phpqrcode",
                "qr",
                "qr code",
                "qrcode",
                "qrcode-generator"
            ],
            "time": "2020-03-04T08:02:04+00:00"
        },
        {
            "name": "chillerlan/php-settings-container",
            "version": "1.2.1",
            "source": {
                "type": "git",
                "url": "https://github.com/chillerlan/php-settings-container.git",
                "reference": "b9b0431dffd74102ee92348a63b4c33fc8ba639b"
            },
            "dist": {
                "type": "zip",
                "url": "https://api.github.com/repos/chillerlan/php-settings-container/zipball/b9b0431dffd74102ee92348a63b4c33fc8ba639b",
                "reference": "b9b0431dffd74102ee92348a63b4c33fc8ba639b",
                "shasum": ""
            },
            "require": {
                "ext-json": "*",
                "php": "^7.2"
            },
            "require-dev": {
                "phpunit/phpunit": "^8.3"
            },
            "type": "library",
            "autoload": {
                "psr-4": {
                    "chillerlan\\Settings\\": "src/"
                }
            },
            "notification-url": "https://packagist.org/downloads/",
            "license": [
                "MIT"
            ],
            "authors": [
                {
                    "name": "Smiley",
                    "email": "smiley@chillerlan.net",
                    "homepage": "https://github.com/codemasher"
                }
            ],
            "description": "A container class for immutable settings objects. Not a DI container. PHP 7.2+",
            "homepage": "https://github.com/chillerlan/php-settings-container",
            "keywords": [
                "PHP7",
                "Settings",
                "container",
                "helper"
            ],
            "time": "2019-09-10T00:09:44+00:00"
        },
        {
            "name": "sendgrid/php-http-client",
            "version": "3.1.0",
            "source": {
                "type": "git",
                "url": "https://github.com/sendgrid/php-http-client.git",
                "reference": "01c3fc4b94df008cfe03ffb467d4c6dbe6dcfb2c"
            },
            "dist": {
                "type": "zip",
                "url": "https://api.github.com/repos/sendgrid/php-http-client/zipball/01c3fc4b94df008cfe03ffb467d4c6dbe6dcfb2c",
                "reference": "01c3fc4b94df008cfe03ffb467d4c6dbe6dcfb2c",
                "shasum": ""
            },
            "require": {
                "php": ">=5.3"
            },
            "require-dev": {
                "phpunit/phpunit": "~4.4",
                "squizlabs/php_codesniffer": "2.*"
            },
            "type": "library",
            "autoload": {
                "psr-0": {
                    "SendGrid": "lib/"
                }
            },
            "notification-url": "https://packagist.org/downloads/",
            "license": [
                "MIT"
            ],
            "authors": [
                {
                    "name": "Matt Bernier",
                    "email": "dx@sendgrid.com"
                },
                {
                    "name": "Elmer Thomas",
                    "email": "elmer@thinkingserious.com"
                }
            ],
            "description": "HTTP REST client, simplified for PHP",
            "homepage": "http://github.com/sendgrid/php-http-client",
            "keywords": [
                "api",
                "fluent",
                "http",
                "rest",
                "sendgrid"
            ],
            "time": "2016-06-11T00:47:24+00:00"
        },
        {
            "name": "sendgrid/sendgrid",
            "version": "5.0.9",
            "source": {
                "type": "git",
                "url": "https://github.com/sendgrid/sendgrid-php.git",
                "reference": "fbf43e7851463c49d6d45382151fbd2e90028af3"
            },
            "dist": {
                "type": "zip",
                "url": "https://api.github.com/repos/sendgrid/sendgrid-php/zipball/fbf43e7851463c49d6d45382151fbd2e90028af3",
                "reference": "fbf43e7851463c49d6d45382151fbd2e90028af3",
                "shasum": ""
            },
            "require": {
                "php": ">=5.6",
                "sendgrid/php-http-client": "3.1.0"
            },
            "replace": {
                "sendgrid/sendgrid-php": "*"
            },
            "require-dev": {
                "phpunit/phpunit": "4.*",
                "squizlabs/php_codesniffer": "2.*"
            },
            "type": "library",
            "autoload": {
                "files": [
                    "lib/SendGrid.php",
                    "lib/helpers/mail/Mail.php"
                ]
            },
            "notification-url": "https://packagist.org/downloads/",
            "license": [
                "MIT"
            ],
            "description": "This library allows you to quickly and easily send emails through SendGrid using PHP.",
            "homepage": "http://github.com/sendgrid/sendgrid-php",
            "keywords": [
                "email",
                "grid",
                "send",
                "sendgrid"
            ],
            "time": "2016-09-13T17:27:23+00:00"
        }
    ],
    "packages-dev": [
        {
            "name": "heroku/heroku-buildpack-php",
            "version": "v172",
            "source": {
                "type": "git",
                "url": "https://github.com/heroku/heroku-buildpack-php.git",
                "reference": "3a6fb296c8d490e8c7d02f47d66764148bdaa642"
            },
            "dist": {
                "type": "zip",
                "url": "https://api.github.com/repos/heroku/heroku-buildpack-php/zipball/3a6fb296c8d490e8c7d02f47d66764148bdaa642",
                "reference": "3a6fb296c8d490e8c7d02f47d66764148bdaa642",
                "shasum": ""
            },
            "bin": [
                "bin/heroku-hhvm-apache2",
                "bin/heroku-hhvm-nginx",
                "bin/heroku-php-apache2",
                "bin/heroku-php-nginx"
            ],
            "type": "library",
            "notification-url": "https://packagist.org/downloads/",
            "license": [
                "MIT"
            ],
            "authors": [
                {
                    "name": "David Zuelke",
                    "email": "dz@heroku.com"
                }
            ],
            "description": "Toolkit for starting a PHP application locally, with or without foreman, using the same config for PHP/HHVM and Apache2/Nginx as on Heroku",
            "homepage": "https://github.com/heroku/heroku-buildpack-php",
            "keywords": [
                "apache",
                "apache2",
                "foreman",
                "heroku",
                "hhvm",
                "nginx",
                "php"
            ],
            "time": "2020-02-28T17:42:58+00:00"
        }
    ],
    "aliases": [],
    "minimum-stability": "stable",
    "stability-flags": {
        "chillerlan/php-qrcode": 20
    },
    "prefer-stable": false,
    "prefer-lowest": false,
    "platform": {
        "php": "^7.4"
    },
    "platform-dev": []
}
